
Microsoft Visual Studio Solution File, Format Version 12.00
# Visual Studio Version 16
VisualStudioVersion = 16.0.31613.86
MinimumVisualStudioVersion = 10.0.40219.1
Project("{FAE04EC0-301F-11D3-BF4B-00C04F79EFBC}") = "Folder", "Folder\Folder.csproj", "{4873680A-B592-4F14-A3F3-2B68CB181759}"
EndProject
Global
	GlobalSection(SolutionConfigurationPlatforms) = preSolution
		Debug|Any CPU = Debug|Any CPU
		Release|Any CPU = Release|Any CPU
	EndGlobalSection
	GlobalSection(ProjectConfigurationPlatforms) = postSolution
		{4873680A-B592-4F14-A3F3-2B68CB181759}.Debug|Any CPU.ActiveCfg = Debug|Any CPU
		{4873680A-B592-4F14-A3F3-2B68CB181759}.Debug|Any CPU.Build.0 = Debug|Any CPU
		{4873680A-B592-4F14-A3F3-2B68CB181759}.Release|Any CPU.ActiveCfg = Release|Any CPU
		{4873680A-B592-4F14-A3F3-2B68CB181759}.Release|Any CPU.Build.0 = Release|Any CPU
	EndGlobalSection
	GlobalSection(SolutionProperties) = preSolution
		HideSolutionNode = FALSE
	EndGlobalSection
	GlobalSection(ExtensibilityGlobals) = postSolution
		SolutionGuid = {6AEECC6F-F441-48CD-9CDC-5B634BD492F7}
	EndGlobalSection
EndGlobal
